// !$*UTF8*$!
{
	archiveVersion = 1;
	classes = {
	};
	objectVersion = 55;
	objects = {

/* Begin PBXBuildFile section */
		171A589B62796C19373E0B0D /* Pods_RxWeatherTests.framework in Frameworks */ = {isa = PBXBuildFile; fileRef = 16C3FE92441E98877842088A /* Pods_RxWeatherTests.framework */; };
		35F763E2299764F90013CBF1 /* AppDelegate.swift in Sources */ = {isa = PBXBuildFile; fileRef = 35F763E1299764F90013CBF1 /* AppDelegate.swift */; };
		35F763E4299764F90013CBF1 /* SceneDelegate.swift in Sources */ = {isa = PBXBuildFile; fileRef = 35F763E3299764F90013CBF1 /* SceneDelegate.swift */; };
		35F763E6299764F90013CBF1 /* WeatherViewController.swift in Sources */ = {isa = PBXBuildFile; fileRef = 35F763E5299764F90013CBF1 /* WeatherViewController.swift */; };
		35F763EB299764FB0013CBF1 /* Assets.xcassets in Resources */ = {isa = PBXBuildFile; fileRef = 35F763EA299764FB0013CBF1 /* Assets.xcassets */; };
		35F763EE299764FB0013CBF1 /* LaunchScreen.storyboard in Resources */ = {isa = PBXBuildFile; fileRef = 35F763EC299764FB0013CBF1 /* LaunchScreen.storyboard */; };
		35F763F9299764FB0013CBF1 /* RxWeatherTests.swift in Sources */ = {isa = PBXBuildFile; fileRef = 35F763F8299764FB0013CBF1 /* RxWeatherTests.swift */; };
		35F76403299764FB0013CBF1 /* RxWeatherUITests.swift in Sources */ = {isa = PBXBuildFile; fileRef = 35F76402299764FB0013CBF1 /* RxWeatherUITests.swift */; };
		35F76405299764FB0013CBF1 /* RxWeatherUITestsLaunchTests.swift in Sources */ = {isa = PBXBuildFile; fileRef = 35F76404299764FB0013CBF1 /* RxWeatherUITestsLaunchTests.swift */; };
		35F7641729976B260013CBF1 /* BaseViewController.swift in Sources */ = {isa = PBXBuildFile; fileRef = 35F7641629976B260013CBF1 /* BaseViewController.swift */; };
		35F7641A29976B880013CBF1 /* OSLog.swift in Sources */ = {isa = PBXBuildFile; fileRef = 35F7641929976B880013CBF1 /* OSLog.swift */; };
		35F7641C29976B8E0013CBF1 /* PreViews.swift in Sources */ = {isa = PBXBuildFile; fileRef = 35F7641B29976B8E0013CBF1 /* PreViews.swift */; };
		35F90D5B2A6FB09300C052A8 /* APIKey.swift in Sources */ = {isa = PBXBuildFile; fileRef = 35F90D5A2A6FB09300C052A8 /* APIKey.swift */; };
		3D54BBCE299C97FF009FC24E /* CitiesList.json in Resources */ = {isa = PBXBuildFile; fileRef = 3D54BBCD299C97FF009FC24E /* CitiesList.json */; };
		3D54BBD0299C989F009FC24E /* City.swift in Sources */ = {isa = PBXBuildFile; fileRef = 3D54BBCF299C989F009FC24E /* City.swift */; };
		3D54BBD2299C9FFF009FC24E /* MainViewController.swift in Sources */ = {isa = PBXBuildFile; fileRef = 3D54BBD1299C9FFF009FC24E /* MainViewController.swift */; };
		3D54BBD4299CA029009FC24E /* MainViewReactor.swift in Sources */ = {isa = PBXBuildFile; fileRef = 3D54BBD3299CA029009FC24E /* MainViewReactor.swift */; };
		3D54BBD8299DC0C2009FC24E /* MainViewController+UI.swift in Sources */ = {isa = PBXBuildFile; fileRef = 3D54BBD7299DC0C2009FC24E /* MainViewController+UI.swift */; };
		3D54BBE3299E235F009FC24E /* ResultTableViewCell.swift in Sources */ = {isa = PBXBuildFile; fileRef = 3D54BBE2299E235F009FC24E /* ResultTableViewCell.swift */; };
		3D86F65A2999CD1A00B78574 /* Weather.swift in Sources */ = {isa = PBXBuildFile; fileRef = 3D86F6592999CD1A00B78574 /* Weather.swift */; };
		3D86F6602999CFC600B78574 /* WeatherService.swift in Sources */ = {isa = PBXBuildFile; fileRef = 3D86F65F2999CFC600B78574 /* WeatherService.swift */; };
		3D86F6622999FCC000B78574 /* WeatherViewReactor.swift in Sources */ = {isa = PBXBuildFile; fileRef = 3D86F6612999FCC000B78574 /* WeatherViewReactor.swift */; };
		3D86F6652999FD9C00B78574 /* UIViewController+Rx.swift in Sources */ = {isa = PBXBuildFile; fileRef = 3D86F6642999FD9C00B78574 /* UIViewController+Rx.swift */; };
		3D86F667299A0F2500B78574 /* WeatherViewController+UI.swift in Sources */ = {isa = PBXBuildFile; fileRef = 3D86F666299A0F2500B78574 /* WeatherViewController+UI.swift */; };
		3D86F669299A123300B78574 /* Double+Celsius.swift in Sources */ = {isa = PBXBuildFile; fileRef = 3D86F668299A123300B78574 /* Double+Celsius.swift */; };
		B8394FA9A8FFF923537DEBD2 /* Pods_RxWeather.framework in Frameworks */ = {isa = PBXBuildFile; fileRef = 71CAF937E05684C0B5AFBE6C /* Pods_RxWeather.framework */; };
		CC602B6D5E8AF6968A8475B4 /* Pods_RxWeather_RxWeatherUITests.framework in Frameworks */ = {isa = PBXBuildFile; fileRef = 754680D7E216C4C54EC3E27D /* Pods_RxWeather_RxWeatherUITests.framework */; };
/* End PBXBuildFile section */

/* Begin PBXContainerItemProxy section */
		35F763F5299764FB0013CBF1 /* PBXContainerItemProxy */ = {
			isa = PBXContainerItemProxy;
			containerPortal = 35F763D6299764F90013CBF1 /* Project object */;
			proxyType = 1;
			remoteGlobalIDString = 35F763DD299764F90013CBF1;
			remoteInfo = RxWeather;
		};
		35F763FF299764FB0013CBF1 /* PBXContainerItemProxy */ = {
			isa = PBXContainerItemProxy;
			containerPortal = 35F763D6299764F90013CBF1 /* Project object */;
			proxyType = 1;
			remoteGlobalIDString = 35F763DD299764F90013CBF1;
			remoteInfo = RxWeather;
		};
/* End PBXContainerItemProxy section */

/* Begin PBXFileReference section */
		0D52B8559F6D2E233F21B065 /* Pods-RxWeather-RxWeatherUITests.debug.xcconfig */ = {isa = PBXFileReference; includeInIndex = 1; lastKnownFileType = text.xcconfig; name = "Pods-RxWeather-RxWeatherUITests.debug.xcconfig"; path = "Target Support Files/Pods-RxWeather-RxWeatherUITests/Pods-RxWeather-RxWeatherUITests.debug.xcconfig"; sourceTree = "<group>"; };
		16C3FE92441E98877842088A /* Pods_RxWeatherTests.framework */ = {isa = PBXFileReference; explicitFileType = wrapper.framework; includeInIndex = 0; path = Pods_RxWeatherTests.framework; sourceTree = BUILT_PRODUCTS_DIR; };
		1CFE4BF9B9A7EA52AD64104A /* Pods-RxWeather-RxWeatherUITests.release.xcconfig */ = {isa = PBXFileReference; includeInIndex = 1; lastKnownFileType = text.xcconfig; name = "Pods-RxWeather-RxWeatherUITests.release.xcconfig"; path = "Target Support Files/Pods-RxWeather-RxWeatherUITests/Pods-RxWeather-RxWeatherUITests.release.xcconfig"; sourceTree = "<group>"; };
		1FCF37F7367F1607F6FCFB86 /* Pods-RxWeatherTests.release.xcconfig */ = {isa = PBXFileReference; includeInIndex = 1; lastKnownFileType = text.xcconfig; name = "Pods-RxWeatherTests.release.xcconfig"; path = "Target Support Files/Pods-RxWeatherTests/Pods-RxWeatherTests.release.xcconfig"; sourceTree = "<group>"; };
		2B422DA5614F077A8A7F4F3A /* Pods-RxWeatherTests.debug.xcconfig */ = {isa = PBXFileReference; includeInIndex = 1; lastKnownFileType = text.xcconfig; name = "Pods-RxWeatherTests.debug.xcconfig"; path = "Target Support Files/Pods-RxWeatherTests/Pods-RxWeatherTests.debug.xcconfig"; sourceTree = "<group>"; };
		35F763DE299764F90013CBF1 /* RxWeather.app */ = {isa = PBXFileReference; explicitFileType = wrapper.application; includeInIndex = 0; path = RxWeather.app; sourceTree = BUILT_PRODUCTS_DIR; };
		35F763E1299764F90013CBF1 /* AppDelegate.swift */ = {isa = PBXFileReference; lastKnownFileType = sourcecode.swift; path = AppDelegate.swift; sourceTree = "<group>"; };
		35F763E3299764F90013CBF1 /* SceneDelegate.swift */ = {isa = PBXFileReference; lastKnownFileType = sourcecode.swift; path = SceneDelegate.swift; sourceTree = "<group>"; };
		35F763E5299764F90013CBF1 /* WeatherViewController.swift */ = {isa = PBXFileReference; lastKnownFileType = sourcecode.swift; path = WeatherViewController.swift; sourceTree = "<group>"; };
		35F763EA299764FB0013CBF1 /* Assets.xcassets */ = {isa = PBXFileReference; lastKnownFileType = folder.assetcatalog; path = Assets.xcassets; sourceTree = "<group>"; };
		35F763ED299764FB0013CBF1 /* Base */ = {isa = PBXFileReference; lastKnownFileType = file.storyboard; name = Base; path = Base.lproj/LaunchScreen.storyboard; sourceTree = "<group>"; };
		35F763EF299764FB0013CBF1 /* Info.plist */ = {isa = PBXFileReference; lastKnownFileType = text.plist.xml; path = Info.plist; sourceTree = "<group>"; };
		35F763F4299764FB0013CBF1 /* RxWeatherTests.xctest */ = {isa = PBXFileReference; explicitFileType = wrapper.cfbundle; includeInIndex = 0; path = RxWeatherTests.xctest; sourceTree = BUILT_PRODUCTS_DIR; };
		35F763F8299764FB0013CBF1 /* RxWeatherTests.swift */ = {isa = PBXFileReference; lastKnownFileType = sourcecode.swift; path = RxWeatherTests.swift; sourceTree = "<group>"; };
		35F763FE299764FB0013CBF1 /* RxWeatherUITests.xctest */ = {isa = PBXFileReference; explicitFileType = wrapper.cfbundle; includeInIndex = 0; path = RxWeatherUITests.xctest; sourceTree = BUILT_PRODUCTS_DIR; };
		35F76402299764FB0013CBF1 /* RxWeatherUITests.swift */ = {isa = PBXFileReference; lastKnownFileType = sourcecode.swift; path = RxWeatherUITests.swift; sourceTree = "<group>"; };
		35F76404299764FB0013CBF1 /* RxWeatherUITestsLaunchTests.swift */ = {isa = PBXFileReference; lastKnownFileType = sourcecode.swift; path = RxWeatherUITestsLaunchTests.swift; sourceTree = "<group>"; };
		35F7641629976B260013CBF1 /* BaseViewController.swift */ = {isa = PBXFileReference; fileEncoding = 4; lastKnownFileType = sourcecode.swift; path = BaseViewController.swift; sourceTree = "<group>"; };
		35F7641929976B880013CBF1 /* OSLog.swift */ = {isa = PBXFileReference; fileEncoding = 4; lastKnownFileType = sourcecode.swift; path = OSLog.swift; sourceTree = "<group>"; };
		35F7641B29976B8E0013CBF1 /* PreViews.swift */ = {isa = PBXFileReference; fileEncoding = 4; lastKnownFileType = sourcecode.swift; path = PreViews.swift; sourceTree = "<group>"; };
		35F90D5A2A6FB09300C052A8 /* APIKey.swift */ = {isa = PBXFileReference; lastKnownFileType = sourcecode.swift; path = APIKey.swift; sourceTree = "<group>"; };
		3D54BBCD299C97FF009FC24E /* CitiesList.json */ = {isa = PBXFileReference; lastKnownFileType = text.json; path = CitiesList.json; sourceTree = "<group>"; };
		3D54BBCF299C989F009FC24E /* City.swift */ = {isa = PBXFileReference; lastKnownFileType = sourcecode.swift; path = City.swift; sourceTree = "<group>"; };
		3D54BBD1299C9FFF009FC24E /* MainViewController.swift */ = {isa = PBXFileReference; lastKnownFileType = sourcecode.swift; path = MainViewController.swift; sourceTree = "<group>"; };
		3D54BBD3299CA029009FC24E /* MainViewReactor.swift */ = {isa = PBXFileReference; lastKnownFileType = sourcecode.swift; path = MainViewReactor.swift; sourceTree = "<group>"; };
		3D54BBD7299DC0C2009FC24E /* MainViewController+UI.swift */ = {isa = PBXFileReference; lastKnownFileType = sourcecode.swift; path = "MainViewController+UI.swift"; sourceTree = "<group>"; };
		3D54BBE2299E235F009FC24E /* ResultTableViewCell.swift */ = {isa = PBXFileReference; lastKnownFileType = sourcecode.swift; path = ResultTableViewCell.swift; sourceTree = "<group>"; };
		3D86F6592999CD1A00B78574 /* Weather.swift */ = {isa = PBXFileReference; lastKnownFileType = sourcecode.swift; path = Weather.swift; sourceTree = "<group>"; };
		3D86F65F2999CFC600B78574 /* WeatherService.swift */ = {isa = PBXFileReference; lastKnownFileType = sourcecode.swift; path = WeatherService.swift; sourceTree = "<group>"; };
		3D86F6612999FCC000B78574 /* WeatherViewReactor.swift */ = {isa = PBXFileReference; lastKnownFileType = sourcecode.swift; path = WeatherViewReactor.swift; sourceTree = "<group>"; };
		3D86F6642999FD9C00B78574 /* UIViewController+Rx.swift */ = {isa = PBXFileReference; fileEncoding = 4; lastKnownFileType = sourcecode.swift; path = "UIViewController+Rx.swift"; sourceTree = "<group>"; };
		3D86F666299A0F2500B78574 /* WeatherViewController+UI.swift */ = {isa = PBXFileReference; lastKnownFileType = sourcecode.swift; path = "WeatherViewController+UI.swift"; sourceTree = "<group>"; };
		3D86F668299A123300B78574 /* Double+Celsius.swift */ = {isa = PBXFileReference; lastKnownFileType = sourcecode.swift; path = "Double+Celsius.swift"; sourceTree = "<group>"; };
		71CAF937E05684C0B5AFBE6C /* Pods_RxWeather.framework */ = {isa = PBXFileReference; explicitFileType = wrapper.framework; includeInIndex = 0; path = Pods_RxWeather.framework; sourceTree = BUILT_PRODUCTS_DIR; };
		754680D7E216C4C54EC3E27D /* Pods_RxWeather_RxWeatherUITests.framework */ = {isa = PBXFileReference; explicitFileType = wrapper.framework; includeInIndex = 0; path = Pods_RxWeather_RxWeatherUITests.framework; sourceTree = BUILT_PRODUCTS_DIR; };
		B6BFA898086BEE23448D164A /* Pods-RxWeather.release.xcconfig */ = {isa = PBXFileReference; includeInIndex = 1; lastKnownFileType = text.xcconfig; name = "Pods-RxWeather.release.xcconfig"; path = "Target Support Files/Pods-RxWeather/Pods-RxWeather.release.xcconfig"; sourceTree = "<group>"; };
		BB44E10E0209679DDB786AD1 /* Pods-RxWeather.debug.xcconfig */ = {isa = PBXFileReference; includeInIndex = 1; lastKnownFileType = text.xcconfig; name = "Pods-RxWeather.debug.xcconfig"; path = "Target Support Files/Pods-RxWeather/Pods-RxWeather.debug.xcconfig"; sourceTree = "<group>"; };
/* End PBXFileReference section */

/* Begin PBXFrameworksBuildPhase section */
		35F763DB299764F90013CBF1 /* Frameworks */ = {
			isa = PBXFrameworksBuildPhase;
			buildActionMask = 2147483647;
			files = (
				B8394FA9A8FFF923537DEBD2 /* Pods_RxWeather.framework in Frameworks */,
			);
			runOnlyForDeploymentPostprocessing = 0;
		};
		35F763F1299764FB0013CBF1 /* Frameworks */ = {
			isa = PBXFrameworksBuildPhase;
			buildActionMask = 2147483647;
			files = (
				171A589B62796C19373E0B0D /* Pods_RxWeatherTests.framework in Frameworks */,
			);
			runOnlyForDeploymentPostprocessing = 0;
		};
		35F763FB299764FB0013CBF1 /* Frameworks */ = {
			isa = PBXFrameworksBuildPhase;
			buildActionMask = 2147483647;
			files = (
				CC602B6D5E8AF6968A8475B4 /* Pods_RxWeather_RxWeatherUITests.framework in Frameworks */,
			);
			runOnlyForDeploymentPostprocessing = 0;
		};
/* End PBXFrameworksBuildPhase section */

/* Begin PBXGroup section */
		327C9B51BE6A5BA9EF4FB9DD /* Frameworks */ = {
			isa = PBXGroup;
			children = (
				71CAF937E05684C0B5AFBE6C /* Pods_RxWeather.framework */,
				754680D7E216C4C54EC3E27D /* Pods_RxWeather_RxWeatherUITests.framework */,
				16C3FE92441E98877842088A /* Pods_RxWeatherTests.framework */,
			);
			name = Frameworks;
			sourceTree = "<group>";
		};
		35F763D5299764F90013CBF1 = {
			isa = PBXGroup;
			children = (
				35F763E0299764F90013CBF1 /* RxWeather */,
				35F763F7299764FB0013CBF1 /* RxWeatherTests */,
				35F76401299764FB0013CBF1 /* RxWeatherUITests */,
				35F763DF299764F90013CBF1 /* Products */,
				F8EBE9EDD11264AAC89F09EF /* Pods */,
				327C9B51BE6A5BA9EF4FB9DD /* Frameworks */,
			);
			sourceTree = "<group>";
		};
		35F763DF299764F90013CBF1 /* Products */ = {
			isa = PBXGroup;
			children = (
				35F763DE299764F90013CBF1 /* RxWeather.app */,
				35F763F4299764FB0013CBF1 /* RxWeatherTests.xctest */,
				35F763FE299764FB0013CBF1 /* RxWeatherUITests.xctest */,
			);
			name = Products;
			sourceTree = "<group>";
		};
		35F763E0299764F90013CBF1 /* RxWeather */ = {
			isa = PBXGroup;
			children = (
				35F76413299768410013CBF1 /* Resource */,
				35F764122997683A0013CBF1 /* Support */,
				35F764112997682A0013CBF1 /* Source */,
			);
			path = RxWeather;
			sourceTree = "<group>";
		};
		35F763F7299764FB0013CBF1 /* RxWeatherTests */ = {
			isa = PBXGroup;
			children = (
				35F763F8299764FB0013CBF1 /* RxWeatherTests.swift */,
			);
			path = RxWeatherTests;
			sourceTree = "<group>";
		};
		35F76401299764FB0013CBF1 /* RxWeatherUITests */ = {
			isa = PBXGroup;
			children = (
				35F76402299764FB0013CBF1 /* RxWeatherUITests.swift */,
				35F76404299764FB0013CBF1 /* RxWeatherUITestsLaunchTests.swift */,
			);
			path = RxWeatherUITests;
			sourceTree = "<group>";
		};
		35F764112997682A0013CBF1 /* Source */ = {
			isa = PBXGroup;
			children = (
				35F763E1299764F90013CBF1 /* AppDelegate.swift */,
				35F763E3299764F90013CBF1 /* SceneDelegate.swift */,
				35F90D5A2A6FB09300C052A8 /* APIKey.swift */,
				3D86F65E2999CFBD00B78574 /* Service */,
				3D86F6582999CD0F00B78574 /* Model */,
				35F76414299768AD0013CBF1 /* Controller */,
				3D54BBE1299E234A009FC24E /* View */,
				3D86F6632999FD8E00B78574 /* Extension */,
				35F7641829976B690013CBF1 /* Util */,
			);
			path = Source;
			sourceTree = "<group>";
		};
		35F764122997683A0013CBF1 /* Support */ = {
			isa = PBXGroup;
			children = (
				35F763EF299764FB0013CBF1 /* Info.plist */,
			);
			path = Support;
			sourceTree = "<group>";
		};
		35F76413299768410013CBF1 /* Resource */ = {
			isa = PBXGroup;
			children = (
				35F763EA299764FB0013CBF1 /* Assets.xcassets */,
				35F763EC299764FB0013CBF1 /* LaunchScreen.storyboard */,
				3D54BBCD299C97FF009FC24E /* CitiesList.json */,
			);
			path = Resource;
			sourceTree = "<group>";
		};
		35F76414299768AD0013CBF1 /* Controller */ = {
			isa = PBXGroup;
			children = (
				35F7641629976B260013CBF1 /* BaseViewController.swift */,
				3D54BBD1299C9FFF009FC24E /* MainViewController.swift */,
				3D54BBD7299DC0C2009FC24E /* MainViewController+UI.swift */,
				3D54BBD3299CA029009FC24E /* MainViewReactor.swift */,
				35F763E5299764F90013CBF1 /* WeatherViewController.swift */,
				3D86F666299A0F2500B78574 /* WeatherViewController+UI.swift */,
				3D86F6612999FCC000B78574 /* WeatherViewReactor.swift */,
			);
			path = Controller;
			sourceTree = "<group>";
		};
		35F7641829976B690013CBF1 /* Util */ = {
			isa = PBXGroup;
			children = (
				35F7641929976B880013CBF1 /* OSLog.swift */,
				35F7641B29976B8E0013CBF1 /* PreViews.swift */,
			);
			path = Util;
			sourceTree = "<group>";
		};
		3D54BBE1299E234A009FC24E /* View */ = {
			isa = PBXGroup;
			children = (
				3D54BBE2299E235F009FC24E /* ResultTableViewCell.swift */,
			);
			path = View;
			sourceTree = "<group>";
		};
		3D86F6582999CD0F00B78574 /* Model */ = {
			isa = PBXGroup;
			children = (
				3D86F6592999CD1A00B78574 /* Weather.swift */,
				3D54BBCF299C989F009FC24E /* City.swift */,
			);
			path = Model;
			sourceTree = "<group>";
		};
		3D86F65E2999CFBD00B78574 /* Service */ = {
			isa = PBXGroup;
			children = (
				3D86F65F2999CFC600B78574 /* WeatherService.swift */,
			);
			path = Service;
			sourceTree = "<group>";
		};
		3D86F6632999FD8E00B78574 /* Extension */ = {
			isa = PBXGroup;
			children = (
				3D86F6642999FD9C00B78574 /* UIViewController+Rx.swift */,
				3D86F668299A123300B78574 /* Double+Celsius.swift */,
			);
			path = Extension;
			sourceTree = "<group>";
		};
		F8EBE9EDD11264AAC89F09EF /* Pods */ = {
			isa = PBXGroup;
			children = (
				BB44E10E0209679DDB786AD1 /* Pods-RxWeather.debug.xcconfig */,
				B6BFA898086BEE23448D164A /* Pods-RxWeather.release.xcconfig */,
				0D52B8559F6D2E233F21B065 /* Pods-RxWeather-RxWeatherUITests.debug.xcconfig */,
				1CFE4BF9B9A7EA52AD64104A /* Pods-RxWeather-RxWeatherUITests.release.xcconfig */,
				2B422DA5614F077A8A7F4F3A /* Pods-RxWeatherTests.debug.xcconfig */,
				1FCF37F7367F1607F6FCFB86 /* Pods-RxWeatherTests.release.xcconfig */,
			);
			path = Pods;
			sourceTree = "<group>";
		};
/* End PBXGroup section */

/* Begin PBXNativeTarget section */
		35F763DD299764F90013CBF1 /* RxWeather */ = {
			isa = PBXNativeTarget;
			buildConfigurationList = 35F76408299764FB0013CBF1 /* Build configuration list for PBXNativeTarget "RxWeather" */;
			buildPhases = (
				33314FCF503321049B254295 /* [CP] Check Pods Manifest.lock */,
				35F763DA299764F90013CBF1 /* Sources */,
				35F763DB299764F90013CBF1 /* Frameworks */,
				35F763DC299764F90013CBF1 /* Resources */,
				58D16666CBCFBFFDA744D5FE /* [CP] Embed Pods Frameworks */,
			);
			buildRules = (
			);
			dependencies = (
			);
			name = RxWeather;
			productName = RxWeather;
			productReference = 35F763DE299764F90013CBF1 /* RxWeather.app */;
			productType = "com.apple.product-type.application";
		};
		35F763F3299764FB0013CBF1 /* RxWeatherTests */ = {
			isa = PBXNativeTarget;
			buildConfigurationList = 35F7640B299764FB0013CBF1 /* Build configuration list for PBXNativeTarget "RxWeatherTests" */;
			buildPhases = (
				044E3E2774386629CB8C75C5 /* [CP] Check Pods Manifest.lock */,
				35F763F0299764FB0013CBF1 /* Sources */,
				35F763F1299764FB0013CBF1 /* Frameworks */,
				35F763F2299764FB0013CBF1 /* Resources */,
				7FD93A0A834C70DC0CAA6889 /* [CP] Embed Pods Frameworks */,
			);
			buildRules = (
			);
			dependencies = (
				35F763F6299764FB0013CBF1 /* PBXTargetDependency */,
			);
			name = RxWeatherTests;
			productName = RxWeatherTests;
			productReference = 35F763F4299764FB0013CBF1 /* RxWeatherTests.xctest */;
			productType = "com.apple.product-type.bundle.unit-test";
		};
		35F763FD299764FB0013CBF1 /* RxWeatherUITests */ = {
			isa = PBXNativeTarget;
			buildConfigurationList = 35F7640E299764FB0013CBF1 /* Build configuration list for PBXNativeTarget "RxWeatherUITests" */;
			buildPhases = (
				C9E3AB6672903BFD96131F95 /* [CP] Check Pods Manifest.lock */,
				35F763FA299764FB0013CBF1 /* Sources */,
				35F763FB299764FB0013CBF1 /* Frameworks */,
				35F763FC299764FB0013CBF1 /* Resources */,
				290362275CAAEE75E046E27E /* [CP] Embed Pods Frameworks */,
			);
			buildRules = (
			);
			dependencies = (
				35F76400299764FB0013CBF1 /* PBXTargetDependency */,
			);
			name = RxWeatherUITests;
			productName = RxWeatherUITests;
			productReference = 35F763FE299764FB0013CBF1 /* RxWeatherUITests.xctest */;
			productType = "com.apple.product-type.bundle.ui-testing";
		};
/* End PBXNativeTarget section */

/* Begin PBXProject section */
		35F763D6299764F90013CBF1 /* Project object */ = {
			isa = PBXProject;
			attributes = {
				BuildIndependentTargetsInParallel = 1;
				LastSwiftUpdateCheck = 1420;
				LastUpgradeCheck = 1420;
				TargetAttributes = {
					35F763DD299764F90013CBF1 = {
						CreatedOnToolsVersion = 14.2;
					};
					35F763F3299764FB0013CBF1 = {
						CreatedOnToolsVersion = 14.2;
						TestTargetID = 35F763DD299764F90013CBF1;
					};
					35F763FD299764FB0013CBF1 = {
						CreatedOnToolsVersion = 14.2;
						TestTargetID = 35F763DD299764F90013CBF1;
					};
				};
			};
			buildConfigurationList = 35F763D9299764F90013CBF1 /* Build configuration list for PBXProject "RxWeather" */;
			compatibilityVersion = "Xcode 13.0";
			developmentRegion = en;
			hasScannedForEncodings = 0;
			knownRegions = (
				en,
				Base,
			);
			mainGroup = 35F763D5299764F90013CBF1;
			productRefGroup = 35F763DF299764F90013CBF1 /* Products */;
			projectDirPath = "";
			projectRoot = "";
			targets = (
				35F763DD299764F90013CBF1 /* RxWeather */,
				35F763F3299764FB0013CBF1 /* RxWeatherTests */,
				35F763FD299764FB0013CBF1 /* RxWeatherUITests */,
			);
		};
/* End PBXProject section */

/* Begin PBXResourcesBuildPhase section */
		35F763DC299764F90013CBF1 /* Resources */ = {
			isa = PBXResourcesBuildPhase;
			buildActionMask = 2147483647;
			files = (
				3D54BBCE299C97FF009FC24E /* CitiesList.json in Resources */,
				35F763EE299764FB0013CBF1 /* LaunchScreen.storyboard in Resources */,
				35F763EB299764FB0013CBF1 /* Assets.xcassets in Resources */,
			);
			runOnlyForDeploymentPostprocessing = 0;
		};
		35F763F2299764FB0013CBF1 /* Resources */ = {
			isa = PBXResourcesBuildPhase;
			buildActionMask = 2147483647;
			files = (
			);
			runOnlyForDeploymentPostprocessing = 0;
		};
		35F763FC299764FB0013CBF1 /* Resources */ = {
			isa = PBXResourcesBuildPhase;
			buildActionMask = 2147483647;
			files = (
			);
			runOnlyForDeploymentPostprocessing = 0;
		};
/* End PBXResourcesBuildPhase section */

/* Begin PBXShellScriptBuildPhase section */
		044E3E2774386629CB8C75C5 /* [CP] Check Pods Manifest.lock */ = {
			isa = PBXShellScriptBuildPhase;
			buildActionMask = 2147483647;
			files = (
			);
			inputFileListPaths = (
			);
			inputPaths = (
				"${PODS_PODFILE_DIR_PATH}/Podfile.lock",
				"${PODS_ROOT}/Manifest.lock",
			);
			name = "[CP] Check Pods Manifest.lock";
			outputFileListPaths = (
			);
			outputPaths = (
				"$(DERIVED_FILE_DIR)/Pods-RxWeatherTests-checkManifestLockResult.txt",
			);
			runOnlyForDeploymentPostprocessing = 0;
			shellPath = /bin/sh;
			shellScript = "diff \"${PODS_PODFILE_DIR_PATH}/Podfile.lock\" \"${PODS_ROOT}/Manifest.lock\" > /dev/null\nif [ $? != 0 ] ; then\n    # print error to STDERR\n    echo \"error: The sandbox is not in sync with the Podfile.lock. Run 'pod install' or update your CocoaPods installation.\" >&2\n    exit 1\nfi\n# This output is used by Xcode 'outputs' to avoid re-running this script phase.\necho \"SUCCESS\" > \"${SCRIPT_OUTPUT_FILE_0}\"\n";
			showEnvVarsInLog = 0;
		};
		290362275CAAEE75E046E27E /* [CP] Embed Pods Frameworks */ = {
			isa = PBXShellScriptBuildPhase;
			buildActionMask = 2147483647;
			files = (
			);
			inputFileListPaths = (
				"${PODS_ROOT}/Target Support Files/Pods-RxWeather-RxWeatherUITests/Pods-RxWeather-RxWeatherUITests-frameworks-${CONFIGURATION}-input-files.xcfilelist",
			);
			name = "[CP] Embed Pods Frameworks";
			outputFileListPaths = (
				"${PODS_ROOT}/Target Support Files/Pods-RxWeather-RxWeatherUITests/Pods-RxWeather-RxWeatherUITests-frameworks-${CONFIGURATION}-output-files.xcfilelist",
			);
			runOnlyForDeploymentPostprocessing = 0;
			shellPath = /bin/sh;
			shellScript = "\"${PODS_ROOT}/Target Support Files/Pods-RxWeather-RxWeatherUITests/Pods-RxWeather-RxWeatherUITests-frameworks.sh\"\n";
			showEnvVarsInLog = 0;
		};
		33314FCF503321049B254295 /* [CP] Check Pods Manifest.lock */ = {
			isa = PBXShellScriptBuildPhase;
			buildActionMask = 2147483647;
			files = (
			);
			inputFileListPaths = (
			);
			inputPaths = (
				"${PODS_PODFILE_DIR_PATH}/Podfile.lock",
				"${PODS_ROOT}/Manifest.lock",
			);
			name = "[CP] Check Pods Manifest.lock";
			outputFileListPaths = (
			);
			outputPaths = (
				"$(DERIVED_FILE_DIR)/Pods-RxWeather-checkManifestLockResult.txt",
			);
			runOnlyForDeploymentPostprocessing = 0;
			shellPath = /bin/sh;
			shellScript = "diff \"${PODS_PODFILE_DIR_PATH}/Podfile.lock\" \"${PODS_ROOT}/Manifest.lock\" > /dev/null\nif [ $? != 0 ] ; then\n    # print error to STDERR\n    echo \"error: The sandbox is not in sync with the Podfile.lock. Run 'pod install' or update your CocoaPods installation.\" >&2\n    exit 1\nfi\n# This output is used by Xcode 'outputs' to avoid re-running this script phase.\necho \"SUCCESS\" > \"${SCRIPT_OUTPUT_FILE_0}\"\n";
			showEnvVarsInLog = 0;
		};
		58D16666CBCFBFFDA744D5FE /* [CP] Embed Pods Frameworks */ = {
			isa = PBXShellScriptBuildPhase;
			buildActionMask = 2147483647;
			files = (
			);
			inputFileListPaths = (
				"${PODS_ROOT}/Target Support Files/Pods-RxWeather/Pods-RxWeather-frameworks-${CONFIGURATION}-input-files.xcfilelist",
			);
			name = "[CP] Embed Pods Frameworks";
			outputFileListPaths = (
				"${PODS_ROOT}/Target Support Files/Pods-RxWeather/Pods-RxWeather-frameworks-${CONFIGURATION}-output-files.xcfilelist",
			);
			runOnlyForDeploymentPostprocessing = 0;
			shellPath = /bin/sh;
			shellScript = "\"${PODS_ROOT}/Target Support Files/Pods-RxWeather/Pods-RxWeather-frameworks.sh\"\n";
			showEnvVarsInLog = 0;
		};
		7FD93A0A834C70DC0CAA6889 /* [CP] Embed Pods Frameworks */ = {
			isa = PBXShellScriptBuildPhase;
			buildActionMask = 2147483647;
			files = (
			);
			inputFileListPaths = (
				"${PODS_ROOT}/Target Support Files/Pods-RxWeatherTests/Pods-RxWeatherTests-frameworks-${CONFIGURATION}-input-files.xcfilelist",
			);
			name = "[CP] Embed Pods Frameworks";
			outputFileListPaths = (
				"${PODS_ROOT}/Target Support Files/Pods-RxWeatherTests/Pods-RxWeatherTests-frameworks-${CONFIGURATION}-output-files.xcfilelist",
			);
			runOnlyForDeploymentPostprocessing = 0;
			shellPath = /bin/sh;
			shellScript = "\"${PODS_ROOT}/Target Support Files/Pods-RxWeatherTests/Pods-RxWeatherTests-frameworks.sh\"\n";
			showEnvVarsInLog = 0;
		};
		C9E3AB6672903BFD96131F95 /* [CP] Check Pods Manifest.lock */ = {
			isa = PBXShellScriptBuildPhase;
			buildActionMask = 2147483647;
			files = (
			);
			inputFileListPaths = (
			);
			inputPaths = (
				"${PODS_PODFILE_DIR_PATH}/Podfile.lock",
				"${PODS_ROOT}/Manifest.lock",
			);
			name = "[CP] Check Pods Manifest.lock";
			outputFileListPaths = (
			);
			outputPaths = (
				"$(DERIVED_FILE_DIR)/Pods-RxWeather-RxWeatherUITests-checkManifestLockResult.txt",
			);
			runOnlyForDeploymentPostprocessing = 0;
			shellPath = /bin/sh;
			shellScript = "diff \"${PODS_PODFILE_DIR_PATH}/Podfile.lock\" \"${PODS_ROOT}/Manifest.lock\" > /dev/null\nif [ $? != 0 ] ; then\n    # print error to STDERR\n    echo \"error: The sandbox is not in sync with the Podfile.lock. Run 'pod install' or update your CocoaPods installation.\" >&2\n    exit 1\nfi\n# This output is used by Xcode 'outputs' to avoid re-running this script phase.\necho \"SUCCESS\" > \"${SCRIPT_OUTPUT_FILE_0}\"\n";
			showEnvVarsInLog = 0;
		};
/* End PBXShellScriptBuildPhase section */

/* Begin PBXSourcesBuildPhase section */
		35F763DA299764F90013CBF1 /* Sources */ = {
			isa = PBXSourcesBuildPhase;
			buildActionMask = 2147483647;
			files = (
				3D54BBD4299CA029009FC24E /* MainViewReactor.swift in Sources */,
				3D86F65A2999CD1A00B78574 /* Weather.swift in Sources */,
				3D86F6602999CFC600B78574 /* WeatherService.swift in Sources */,
				35F763E6299764F90013CBF1 /* WeatherViewController.swift in Sources */,
				35F7641729976B260013CBF1 /* BaseViewController.swift in Sources */,
				3D54BBD8299DC0C2009FC24E /* MainViewController+UI.swift in Sources */,
				3D54BBD0299C989F009FC24E /* City.swift in Sources */,
				35F7641C29976B8E0013CBF1 /* PreViews.swift in Sources */,
				35F763E2299764F90013CBF1 /* AppDelegate.swift in Sources */,
				3D86F667299A0F2500B78574 /* WeatherViewController+UI.swift in Sources */,
				35F763E4299764F90013CBF1 /* SceneDelegate.swift in Sources */,
				3D54BBD2299C9FFF009FC24E /* MainViewController.swift in Sources */,
				35F7641A29976B880013CBF1 /* OSLog.swift in Sources */,
				3D86F669299A123300B78574 /* Double+Celsius.swift in Sources */,
				3D86F6652999FD9C00B78574 /* UIViewController+Rx.swift in Sources */,
				3D54BBE3299E235F009FC24E /* ResultTableViewCell.swift in Sources */,
				35F90D5B2A6FB09300C052A8 /* APIKey.swift in Sources */,
				3D86F6622999FCC000B78574 /* WeatherViewReactor.swift in Sources */,
			);
			runOnlyForDeploymentPostprocessing = 0;
		};
		35F763F0299764FB0013CBF1 /* Sources */ = {
			isa = PBXSourcesBuildPhase;
			buildActionMask = 2147483647;
			files = (
				35F763F9299764FB0013CBF1 /* RxWeatherTests.swift in Sources */,
			);
			runOnlyForDeploymentPostprocessing = 0;
		};
		35F763FA299764FB0013CBF1 /* Sources */ = {
			isa = PBXSourcesBuildPhase;
			buildActionMask = 2147483647;
			files = (
				35F76403299764FB0013CBF1 /* RxWeatherUITests.swift in Sources */,
				35F76405299764FB0013CBF1 /* RxWeatherUITestsLaunchTests.swift in Sources */,
			);
			runOnlyForDeploymentPostprocessing = 0;
		};
/* End PBXSourcesBuildPhase section */

/* Begin PBXTargetDependency section */
		35F763F6299764FB0013CBF1 /* PBXTargetDependency */ = {
			isa = PBXTargetDependency;
			target = 35F763DD299764F90013CBF1 /* RxWeather */;
			targetProxy = 35F763F5299764FB0013CBF1 /* PBXContainerItemProxy */;
		};
		35F76400299764FB0013CBF1 /* PBXTargetDependency */ = {
			isa = PBXTargetDependency;
			target = 35F763DD299764F90013CBF1 /* RxWeather */;
			targetProxy = 35F763FF299764FB0013CBF1 /* PBXContainerItemProxy */;
		};
/* End PBXTargetDependency section */

/* Begin PBXVariantGroup section */
		35F763EC299764FB0013CBF1 /* LaunchScreen.storyboard */ = {
			isa = PBXVariantGroup;
			children = (
				35F763ED299764FB0013CBF1 /* Base */,
			);
			name = LaunchScreen.storyboard;
			sourceTree = "<group>";
		};
/* End PBXVariantGroup section */

/* Begin XCBuildConfiguration section */
		35F76406299764FB0013CBF1 /* Debug */ = {
			isa = XCBuildConfiguration;
			buildSettings = {
				ALWAYS_SEARCH_USER_PATHS = NO;
				CLANG_ANALYZER_NONNULL = YES;
				CLANG_ANALYZER_NUMBER_OBJECT_CONVERSION = YES_AGGRESSIVE;
				CLANG_CXX_LANGUAGE_STANDARD = "gnu++20";
				CLANG_ENABLE_MODULES = YES;
				CLANG_ENABLE_OBJC_ARC = YES;
				CLANG_ENABLE_OBJC_WEAK = YES;
				CLANG_WARN_BLOCK_CAPTURE_AUTORELEASING = YES;
				CLANG_WARN_BOOL_CONVERSION = YES;
				CLANG_WARN_COMMA = YES;
				CLANG_WARN_CONSTANT_CONVERSION = YES;
				CLANG_WARN_DEPRECATED_OBJC_IMPLEMENTATIONS = YES;
				CLANG_WARN_DIRECT_OBJC_ISA_USAGE = YES_ERROR;
				CLANG_WARN_DOCUMENTATION_COMMENTS = YES;
				CLANG_WARN_EMPTY_BODY = YES;
				CLANG_WARN_ENUM_CONVERSION = YES;
				CLANG_WARN_INFINITE_RECURSION = YES;
				CLANG_WARN_INT_CONVERSION = YES;
				CLANG_WARN_NON_LITERAL_NULL_CONVERSION = YES;
				CLANG_WARN_OBJC_IMPLICIT_RETAIN_SELF = YES;
				CLANG_WARN_OBJC_LITERAL_CONVERSION = YES;
				CLANG_WARN_OBJC_ROOT_CLASS = YES_ERROR;
				CLANG_WARN_QUOTED_INCLUDE_IN_FRAMEWORK_HEADER = YES;
				CLANG_WARN_RANGE_LOOP_ANALYSIS = YES;
				CLANG_WARN_STRICT_PROTOTYPES = YES;
				CLANG_WARN_SUSPICIOUS_MOVE = YES;
				CLANG_WARN_UNGUARDED_AVAILABILITY = YES_AGGRESSIVE;
				CLANG_WARN_UNREACHABLE_CODE = YES;
				CLANG_WARN__DUPLICATE_METHOD_MATCH = YES;
				COPY_PHASE_STRIP = NO;
				DEBUG_INFORMATION_FORMAT = dwarf;
				ENABLE_STRICT_OBJC_MSGSEND = YES;
				ENABLE_TESTABILITY = YES;
				GCC_C_LANGUAGE_STANDARD = gnu11;
				GCC_DYNAMIC_NO_PIC = NO;
				GCC_NO_COMMON_BLOCKS = YES;
				GCC_OPTIMIZATION_LEVEL = 0;
				GCC_PREPROCESSOR_DEFINITIONS = (
					"DEBUG=1",
					"$(inherited)",
				);
				GCC_WARN_64_TO_32_BIT_CONVERSION = YES;
				GCC_WARN_ABOUT_RETURN_TYPE = YES_ERROR;
				GCC_WARN_UNDECLARED_SELECTOR = YES;
				GCC_WARN_UNINITIALIZED_AUTOS = YES_AGGRESSIVE;
				GCC_WARN_UNUSED_FUNCTION = YES;
				GCC_WARN_UNUSED_VARIABLE = YES;
				IPHONEOS_DEPLOYMENT_TARGET = 16.2;
				MTL_ENABLE_DEBUG_INFO = INCLUDE_SOURCE;
				MTL_FAST_MATH = YES;
				ONLY_ACTIVE_ARCH = YES;
				SDKROOT = iphoneos;
				SWIFT_ACTIVE_COMPILATION_CONDITIONS = DEBUG;
				SWIFT_OPTIMIZATION_LEVEL = "-Onone";
			};
			name = Debug;
		};
		35F76407299764FB0013CBF1 /* Release */ = {
			isa = XCBuildConfiguration;
			buildSettings = {
				ALWAYS_SEARCH_USER_PATHS = NO;
				CLANG_ANALYZER_NONNULL = YES;
				CLANG_ANALYZER_NUMBER_OBJECT_CONVERSION = YES_AGGRESSIVE;
				CLANG_CXX_LANGUAGE_STANDARD = "gnu++20";
				CLANG_ENABLE_MODULES = YES;
				CLANG_ENABLE_OBJC_ARC = YES;
				CLANG_ENABLE_OBJC_WEAK = YES;
				CLANG_WARN_BLOCK_CAPTURE_AUTORELEASING = YES;
				CLANG_WARN_BOOL_CONVERSION = YES;
				CLANG_WARN_COMMA = YES;
				CLANG_WARN_CONSTANT_CONVERSION = YES;
				CLANG_WARN_DEPRECATED_OBJC_IMPLEMENTATIONS = YES;
				CLANG_WARN_DIRECT_OBJC_ISA_USAGE = YES_ERROR;
				CLANG_WARN_DOCUMENTATION_COMMENTS = YES;
				CLANG_WARN_EMPTY_BODY = YES;
				CLANG_WARN_ENUM_CONVERSION = YES;
				CLANG_WARN_INFINITE_RECURSION = YES;
				CLANG_WARN_INT_CONVERSION = YES;
				CLANG_WARN_NON_LITERAL_NULL_CONVERSION = YES;
				CLANG_WARN_OBJC_IMPLICIT_RETAIN_SELF = YES;
				CLANG_WARN_OBJC_LITERAL_CONVERSION = YES;
				CLANG_WARN_OBJC_ROOT_CLASS = YES_ERROR;
				CLANG_WARN_QUOTED_INCLUDE_IN_FRAMEWORK_HEADER = YES;
				CLANG_WARN_RANGE_LOOP_ANALYSIS = YES;
				CLANG_WARN_STRICT_PROTOTYPES = YES;
				CLANG_WARN_SUSPICIOUS_MOVE = YES;
				CLANG_WARN_UNGUARDED_AVAILABILITY = YES_AGGRESSIVE;
				CLANG_WARN_UNREACHABLE_CODE = YES;
				CLANG_WARN__DUPLICATE_METHOD_MATCH = YES;
				COPY_PHASE_STRIP = NO;
				DEBUG_INFORMATION_FORMAT = "dwarf-with-dsym";
				ENABLE_NS_ASSERTIONS = NO;
				ENABLE_STRICT_OBJC_MSGSEND = YES;
				GCC_C_LANGUAGE_STANDARD = gnu11;
				GCC_NO_COMMON_BLOCKS = YES;
				GCC_WARN_64_TO_32_BIT_CONVERSION = YES;
				GCC_WARN_ABOUT_RETURN_TYPE = YES_ERROR;
				GCC_WARN_UNDECLARED_SELECTOR = YES;
				GCC_WARN_UNINITIALIZED_AUTOS = YES_AGGRESSIVE;
				GCC_WARN_UNUSED_FUNCTION = YES;
				GCC_WARN_UNUSED_VARIABLE = YES;
				IPHONEOS_DEPLOYMENT_TARGET = 16.2;
				MTL_ENABLE_DEBUG_INFO = NO;
				MTL_FAST_MATH = YES;
				SDKROOT = iphoneos;
				SWIFT_COMPILATION_MODE = wholemodule;
				SWIFT_OPTIMIZATION_LEVEL = "-O";
				VALIDATE_PRODUCT = YES;
			};
			name = Release;
		};
		35F76409299764FB0013CBF1 /* Debug */ = {
			isa = XCBuildConfiguration;
			baseConfigurationReference = BB44E10E0209679DDB786AD1 /* Pods-RxWeather.debug.xcconfig */;
			buildSettings = {
				ASSETCATALOG_COMPILER_APPICON_NAME = AppIcon;
				ASSETCATALOG_COMPILER_GLOBAL_ACCENT_COLOR_NAME = AccentColor;
				CODE_SIGN_STYLE = Automatic;
				CURRENT_PROJECT_VERSION = 1;
				DEVELOPMENT_TEAM = LT5ZADXQMP;
				GENERATE_INFOPLIST_FILE = YES;
				INFOPLIST_FILE = RxWeather/Support/Info.plist;
				INFOPLIST_KEY_UIApplicationSupportsIndirectInputEvents = YES;
				INFOPLIST_KEY_UILaunchStoryboardName = LaunchScreen;
				INFOPLIST_KEY_UISupportedInterfaceOrientations_iPad = "UIInterfaceOrientationPortrait UIInterfaceOrientationPortraitUpsideDown UIInterfaceOrientationLandscapeLeft UIInterfaceOrientationLandscapeRight";
				INFOPLIST_KEY_UISupportedInterfaceOrientations_iPhone = "UIInterfaceOrientationPortrait UIInterfaceOrientationLandscapeLeft UIInterfaceOrientationLandscapeRight";
				LD_RUNPATH_SEARCH_PATHS = (
					"$(inherited)",
					"@executable_path/Frameworks",
				);
				MARKETING_VERSION = 1.0;
				PRODUCT_BUNDLE_IDENTIFIER = com.dwKang.RxWeather;
				PRODUCT_NAME = "$(TARGET_NAME)";
				SWIFT_EMIT_LOC_STRINGS = YES;
				SWIFT_VERSION = 5.0;
				TARGETED_DEVICE_FAMILY = "1,2";
			};
			name = Debug;
		};
		35F7640A299764FB0013CBF1 /* Release */ = {
			isa = XCBuildConfiguration;
			baseConfigurationReference = B6BFA898086BEE23448D164A /* Pods-RxWeather.release.xcconfig */;
			buildSettings = {
				ASSETCATALOG_COMPILER_APPICON_NAME = AppIcon;
				ASSETCATALOG_COMPILER_GLOBAL_ACCENT_COLOR_NAME = AccentColor;
				CODE_SIGN_STYLE = Automatic;
				CURRENT_PROJECT_VERSION = 1;
				DEVELOPMENT_TEAM = LT5ZADXQMP;
				GENERATE_INFOPLIST_FILE = YES;
				INFOPLIST_FILE = RxWeather/Support/Info.plist;
				INFOPLIST_KEY_UIApplicationSupportsIndirectInputEvents = YES;
				INFOPLIST_KEY_UILaunchStoryboardName = LaunchScreen;
				INFOPLIST_KEY_UISupportedInterfaceOrientations_iPad = "UIInterfaceOrientationPortrait UIInterfaceOrientationPortraitUpsideDown UIInterfaceOrientationLandscapeLeft UIInterfaceOrientationLandscapeRight";
				INFOPLIST_KEY_UISupportedInterfaceOrientations_iPhone = "UIInterfaceOrientationPortrait UIInterfaceOrientationLandscapeLeft UIInterfaceOrientationLandscapeRight";
				LD_RUNPATH_SEARCH_PATHS = (
					"$(inherited)",
					"@executable_path/Frameworks",
				);
				MARKETING_VERSION = 1.0;
				PRODUCT_BUNDLE_IDENTIFIER = com.dwKang.RxWeather;
				PRODUCT_NAME = "$(TARGET_NAME)";
				SWIFT_EMIT_LOC_STRINGS = YES;
				SWIFT_VERSION = 5.0;
				TARGETED_DEVICE_FAMILY = "1,2";
			};
			name = Release;
		};
		35F7640C299764FB0013CBF1 /* Debug */ = {
			isa = XCBuildConfiguration;
			baseConfigurationReference = 2B422DA5614F077A8A7F4F3A /* Pods-RxWeatherTests.debug.xcconfig */;
			buildSettings = {
				ALWAYS_EMBED_SWIFT_STANDARD_LIBRARIES = YES;
				BUNDLE_LOADER = "$(TEST_HOST)";
				CODE_SIGN_STYLE = Automatic;
				CURRENT_PROJECT_VERSION = 1;
				DEVELOPMENT_TEAM = LT5ZADXQMP;
				GENERATE_INFOPLIST_FILE = YES;
				IPHONEOS_DEPLOYMENT_TARGET = 16.2;
				MARKETING_VERSION = 1.0;
				PRODUCT_BUNDLE_IDENTIFIER = com.dwKang.RxWeatherTests;
				PRODUCT_NAME = "$(TARGET_NAME)";
				SWIFT_EMIT_LOC_STRINGS = NO;
				SWIFT_VERSION = 5.0;
				TARGETED_DEVICE_FAMILY = "1,2";
				TEST_HOST = "$(BUILT_PRODUCTS_DIR)/RxWeather.app/$(BUNDLE_EXECUTABLE_FOLDER_PATH)/RxWeather";
			};
			name = Debug;
		};
		35F7640D299764FB0013CBF1 /* Release */ = {
			isa = XCBuildConfiguration;
			baseConfigurationReference = 1FCF37F7367F1607F6FCFB86 /* Pods-RxWeatherTests.release.xcconfig */;
			buildSettings = {
				ALWAYS_EMBED_SWIFT_STANDARD_LIBRARIES = YES;
				BUNDLE_LOADER = "$(TEST_HOST)";
				CODE_SIGN_STYLE = Automatic;
				CURRENT_PROJECT_VERSION = 1;
				DEVELOPMENT_TEAM = LT5ZADXQMP;
				GENERATE_INFOPLIST_FILE = YES;
				IPHONEOS_DEPLOYMENT_TARGET = 16.2;
				MARKETING_VERSION = 1.0;
				PRODUCT_BUNDLE_IDENTIFIER = com.dwKang.RxWeatherTests;
				PRODUCT_NAME = "$(TARGET_NAME)";
				SWIFT_EMIT_LOC_STRINGS = NO;
				SWIFT_VERSION = 5.0;
				TARGETED_DEVICE_FAMILY = "1,2";
				TEST_HOST = "$(BUILT_PRODUCTS_DIR)/RxWeather.app/$(BUNDLE_EXECUTABLE_FOLDER_PATH)/RxWeather";
			};
			name = Release;
		};
		35F7640F299764FB0013CBF1 /* Debug */ = {
			isa = XCBuildConfiguration;
			baseConfigurationReference = 0D52B8559F6D2E233F21B065 /* Pods-RxWeather-RxWeatherUITests.debug.xcconfig */;
			buildSettings = {
				ALWAYS_EMBED_SWIFT_STANDARD_LIBRARIES = YES;
				CODE_SIGN_STYLE = Automatic;
				CURRENT_PROJECT_VERSION = 1;
				DEVELOPMENT_TEAM = LT5ZADXQMP;
				GENERATE_INFOPLIST_FILE = YES;
				MARKETING_VERSION = 1.0;
				PRODUCT_BUNDLE_IDENTIFIER = com.dwKang.RxWeatherUITests;
				PRODUCT_NAME = "$(TARGET_NAME)";
				SWIFT_EMIT_LOC_STRINGS = NO;
				SWIFT_VERSION = 5.0;
				TARGETED_DEVICE_FAMILY = "1,2";
				TEST_TARGET_NAME = RxWeather;
			};
			name = Debug;
		};
		35F76410299764FB0013CBF1 /* Release */ = {
			isa = XCBuildConfiguration;
			baseConfigurationReference = 1CFE4BF9B9A7EA52AD64104A /* Pods-RxWeather-RxWeatherUITests.release.xcconfig */;
			buildSettings = {
				ALWAYS_EMBED_SWIFT_STANDARD_LIBRARIES = YES;
				CODE_SIGN_STYLE = Automatic;
				CURRENT_PROJECT_VERSION = 1;
				DEVELOPMENT_TEAM = LT5ZADXQMP;
				GENERATE_INFOPLIST_FILE = YES;
				MARKETING_VERSION = 1.0;
				PRODUCT_BUNDLE_IDENTIFIER = com.dwKang.RxWeatherUITests;
				PRODUCT_NAME = "$(TARGET_NAME)";
				SWIFT_EMIT_LOC_STRINGS = NO;
				SWIFT_VERSION = 5.0;
				TARGETED_DEVICE_FAMILY = "1,2";
				TEST_TARGET_NAME = RxWeather;
			};
			name = Release;
		};
/* End XCBuildConfiguration section */

/* Begin XCConfigurationList section */
		35F763D9299764F90013CBF1 /* Build configuration list for PBXProject "RxWeather" */ = {
			isa = XCConfigurationList;
			buildConfigurations = (
				35F76406299764FB0013CBF1 /* Debug */,
				35F76407299764FB0013CBF1 /* Release */,
			);
			defaultConfigurationIsVisible = 0;
			defaultConfigurationName = Release;
		};
		35F76408299764FB0013CBF1 /* Build configuration list for PBXNativeTarget "RxWeather" */ = {
			isa = XCConfigurationList;
			buildConfigurations = (
				35F76409299764FB0013CBF1 /* Debug */,
				35F7640A299764FB0013CBF1 /* Release */,
			);
			defaultConfigurationIsVisible = 0;
			defaultConfigurationName = Release;
		};
		35F7640B299764FB0013CBF1 /* Build configuration list for PBXNativeTarget "RxWeatherTests" */ = {
			isa = XCConfigurationList;
			buildConfigurations = (
				35F7640C299764FB0013CBF1 /* Debug */,
				35F7640D299764FB0013CBF1 /* Release */,
			);
			defaultConfigurationIsVisible = 0;
			defaultConfigurationName = Release;
		};
		35F7640E299764FB0013CBF1 /* Build configuration list for PBXNativeTarget "RxWeatherUITests" */ = {
			isa = XCConfigurationList;
			buildConfigurations = (
				35F7640F299764FB0013CBF1 /* Debug */,
				35F76410299764FB0013CBF1 /* Release */,
			);
			defaultConfigurationIsVisible = 0;
			defaultConfigurationName = Release;
		};
/* End XCConfigurationList section */
	};
	rootObject = 35F763D6299764F90013CBF1 /* Project object */;
}
